// !$*UTF8*$!
{
	archiveVersion = 1;
	classes = {
	};
	objectVersion = 46;
	objects = {

/* Begin PBXBuildFile section */
		717FCCF41F55D2EC00E10D79 /* AppDelegate.swift in Sources */ = {isa = PBXBuildFile; fileRef = 717FCCF31F55D2EC00E10D79 /* AppDelegate.swift */; };
		717FCCF61F55D2EC00E10D79 /* ViewController.swift in Sources */ = {isa = PBXBuildFile; fileRef = 717FCCF51F55D2EC00E10D79 /* ViewController.swift */; };
		717FCCF91F55D2EC00E10D79 /* Main.storyboard in Resources */ = {isa = PBXBuildFile; fileRef = 717FCCF71F55D2EC00E10D79 /* Main.storyboard */; };
		717FCCFB1F55D2EC00E10D79 /* Assets.xcassets in Resources */ = {isa = PBXBuildFile; fileRef = 717FCCFA1F55D2EC00E10D79 /* Assets.xcassets */; };
		717FCCFE1F55D2EC00E10D79 /* LaunchScreen.storyboard in Resources */ = {isa = PBXBuildFile; fileRef = 717FCCFC1F55D2EC00E10D79 /* LaunchScreen.storyboard */; };
		717FCD091F55D2ED00E10D79 /* NewNotificationsTests.swift in Sources */ = {isa = PBXBuildFile; fileRef = 717FCD081F55D2ED00E10D79 /* NewNotificationsTests.swift */; };
/* End PBXBuildFile section */

/* Begin PBXContainerItemProxy section */
		717FCD051F55D2ED00E10D79 /* PBXContainerItemProxy */ = {
			isa = PBXContainerItemProxy;
			containerPortal = 717FCCE81F55D2EC00E10D79 /* Project object */;
			proxyType = 1;
			remoteGlobalIDString = 717FCCEF1F55D2EC00E10D79;
			remoteInfo = NewNotifications;
		};
/* End PBXContainerItemProxy section */

/* Begin PBXFileReference section */
		717FCCF01F55D2EC00E10D79 /* NewNotifications.app */ = {isa = PBXFileReference; explicitFileType = wrapper.application; includeInIndex = 0; path = NewNotifications.app; sourceTree = BUILT_PRODUCTS_DIR; };
		717FCCF31F55D2EC00E10D79 /* AppDelegate.swift */ = {isa = PBXFileReference; lastKnownFileType = sourcecode.swift; path = AppDelegate.swift; sourceTree = "<group>"; };
		717FCCF51F55D2EC00E10D79 /* ViewController.swift */ = {isa = PBXFileReference; lastKnownFileType = sourcecode.swift; path = ViewController.swift; sourceTree = "<group>"; };
		717FCCF81F55D2EC00E10D79 /* Base */ = {isa = PBXFileReference; lastKnownFileType = file.storyboard; name = Base; path = Base.lproj/Main.storyboard; sourceTree = "<group>"; };
		717FCCFA1F55D2EC00E10D79 /* Assets.xcassets */ = {isa = PBXFileReference; lastKnownFileType = folder.assetcatalog; path = Assets.xcassets; sourceTree = "<group>"; };
		717FCCFD1F55D2EC00E10D79 /* Base */ = {isa = PBXFileReference; lastKnownFileType = file.storyboard; name = Base; path = Base.lproj/LaunchScreen.storyboard; sourceTree = "<group>"; };
		717FCCFF1F55D2EC00E10D79 /* Info.plist */ = {isa = PBXFileReference; lastKnownFileType = text.plist.xml; path = Info.plist; sourceTree = "<group>"; };
		717FCD041F55D2ED00E10D79 /* NewNotificationsTests.xctest */ = {isa = PBXFileReference; explicitFileType = wrapper.cfbundle; includeInIndex = 0; path = NewNotificationsTests.xctest; sourceTree = BUILT_PRODUCTS_DIR; };
		717FCD081F55D2ED00E10D79 /* NewNotificationsTests.swift */ = {isa = PBXFileReference; lastKnownFileType = sourcecode.swift; path = NewNotificationsTests.swift; sourceTree = "<group>"; };
		717FCD0A1F55D2ED00E10D79 /* Info.plist */ = {isa = PBXFileReference; lastKnownFileType = text.plist.xml; path = Info.plist; sourceTree = "<group>"; };
/* End PBXFileReference section */

/* Begin PBXFrameworksBuildPhase section */
		717FCCED1F55D2EC00E10D79 /* Frameworks */ = {
			isa = PBXFrameworksBuildPhase;
			buildActionMask = 2147483647;
			files = (
			);
			runOnlyForDeploymentPostprocessing = 0;
		};
		717FCD011F55D2ED00E10D79 /* Frameworks */ = {
			isa = PBXFrameworksBuildPhase;
			buildActionMask = 2147483647;
			files = (
			);
			runOnlyForDeploymentPostprocessing = 0;
		};
/* End PBXFrameworksBuildPhase section */

/* Begin PBXGroup section */
		717FCCE71F55D2EC00E10D79 = {
			isa = PBXGroup;
			children = (
				717FCCF21F55D2EC00E10D79 /* NewNotifications */,
				717FCD071F55D2ED00E10D79 /* NewNotificationsTests */,
				717FCCF11F55D2EC00E10D79 /* Products */,
			);
			sourceTree = "<group>";
		};
		717FCCF11F55D2EC00E10D79 /* Products */ = {
			isa = PBXGroup;
			children = (
				717FCCF01F55D2EC00E10D79 /* NewNotifications.app */,
				717FCD041F55D2ED00E10D79 /* NewNotificationsTests.xctest */,
			);
			name = Products;
			sourceTree = "<group>";
		};
		717FCCF21F55D2EC00E10D79 /* NewNotifications */ = {
			isa = PBXGroup;
			children = (
				717FCCF31F55D2EC00E10D79 /* AppDelegate.swift */,
				717FCCF51F55D2EC00E10D79 /* ViewController.swift */,
				717FCCF71F55D2EC00E10D79 /* Main.storyboard */,
				717FCCFA1F55D2EC00E10D79 /* Assets.xcassets */,
				717FCCFC1F55D2EC00E10D79 /* LaunchScreen.storyboard */,
				717FCCFF1F55D2EC00E10D79 /* Info.plist */,
			);
			path = NewNotifications;
			sourceTree = "<group>";
		};
		717FCD071F55D2ED00E10D79 /* NewNotificationsTests */ = {
			isa = PBXGroup;
			children = (
				717FCD081F55D2ED00E10D79 /* NewNotificationsTests.swift */,
				717FCD0A1F55D2ED00E10D79 /* Info.plist */,
			);
			path = NewNotificationsTests;
			sourceTree = "<group>";
		};
/* End PBXGroup section */

/* Begin PBXNativeTarget section */
		717FCCEF1F55D2EC00E10D79 /* NewNotifications */ = {
			isa = PBXNativeTarget;
			buildConfigurationList = 717FCD0D1F55D2ED00E10D79 /* Build configuration list for PBXNativeTarget "NewNotifications" */;
			buildPhases = (
				717FCCEC1F55D2EC00E10D79 /* Sources */,
				717FCCED1F55D2EC00E10D79 /* Frameworks */,
				717FCCEE1F55D2EC00E10D79 /* Resources */,
			);
			buildRules = (
			);
			dependencies = (
			);
			name = NewNotifications;
			productName = NewNotifications;
			productReference = 717FCCF01F55D2EC00E10D79 /* NewNotifications.app */;
			productType = "com.apple.product-type.application";
		};
		717FCD031F55D2ED00E10D79 /* NewNotificationsTests */ = {
			isa = PBXNativeTarget;
			buildConfigurationList = 717FCD101F55D2ED00E10D79 /* Build configuration list for PBXNativeTarget "NewNotificationsTests" */;
			buildPhases = (
				717FCD001F55D2ED00E10D79 /* Sources */,
				717FCD011F55D2ED00E10D79 /* Frameworks */,
				717FCD021F55D2ED00E10D79 /* Resources */,
			);
			buildRules = (
			);
			dependencies = (
				717FCD061F55D2ED00E10D79 /* PBXTargetDependency */,
			);
			name = NewNotificationsTests;
			productName = NewNotificationsTests;
			productReference = 717FCD041F55D2ED00E10D79 /* NewNotificationsTests.xctest */;
			productType = "com.apple.product-type.bundle.unit-test";
		};
/* End PBXNativeTarget section */

/* Begin PBXProject section */
		717FCCE81F55D2EC00E10D79 /* Project object */ = {
			isa = PBXProject;
			attributes = {
				LastSwiftUpdateCheck = 0800;
				LastUpgradeCheck = 0800;
				ORGANIZATIONNAME = dmgudeman;
				TargetAttributes = {
					717FCCEF1F55D2EC00E10D79 = {
						CreatedOnToolsVersion = 8.0;
						ProvisioningStyle = Automatic;
					};
					717FCD031F55D2ED00E10D79 = {
						CreatedOnToolsVersion = 8.0;
						ProvisioningStyle = Automatic;
						TestTargetID = 717FCCEF1F55D2EC00E10D79;
					};
				};
			};
			buildConfigurationList = 717FCCEB1F55D2EC00E10D79 /* Build configuration list for PBXProject "NewNotifications" */;
			compatibilityVersion = "Xcode 3.2";
			developmentRegion = English;
			hasScannedForEncodings = 0;
			knownRegions = (
				en,
				Base,
			);
			mainGroup = 717FCCE71F55D2EC00E10D79;
			productRefGroup = 717FCCF11F55D2EC00E10D79 /* Products */;
			projectDirPath = "";
			projectRoot = "";
			targets = (
				717FCCEF1F55D2EC00E10D79 /* NewNotifications */,
				717FCD031F55D2ED00E10D79 /* NewNotificationsTests */,
			);
		};
/* End PBXProject section */

/* Begin PBXResourcesBuildPhase section */
		717FCCEE1F55D2EC00E10D79 /* Resources */ = {
			isa = PBXResourcesBuildPhase;
			buildActionMask = 2147483647;
			files = (
				717FCCFE1F55D2EC00E10D79 /* LaunchScreen.storyboard in Resources */,
				717FCCFB1F55D2EC00E10D79 /* Assets.xcassets in Resources */,
				717FCCF91F55D2EC00E10D79 /* Main.storyboard in Resources */,
			);
			runOnlyForDeploymentPostprocessing = 0;
		};
		717FCD021F55D2ED00E10D79 /* Resources */ = {
			isa = PBXResourcesBuildPhase;
			buildActionMask = 2147483647;
			files = (
			);
			runOnlyForDeploymentPostprocessing = 0;
		};
/* End PBXResourcesBuildPhase section */

/* Begin PBXSourcesBuildPhase section */
		717FCCEC1F55D2EC00E10D79 /* Sources */ = {
			isa = PBXSourcesBuildPhase;
			buildActionMask = 2147483647;
			files = (
				717FCCF61F55D2EC00E10D79 /* ViewController.swift in Sources */,
				717FCCF41F55D2EC00E10D79 /* AppDelegate.swift in Sources */,
			);
			runOnlyForDeploymentPostprocessing = 0;
		};
		717FCD001F55D2ED00E10D79 /* Sources */ = {
			isa = PBXSourcesBuildPhase;
			buildActionMask = 2147483647;
			files = (
				717FCD091F55D2ED00E10D79 /* NewNotificationsTests.swift in Sources */,
			);
			runOnlyForDeploymentPostprocessing = 0;
		};
/* End PBXSourcesBuildPhase section */

/* Begin PBXTargetDependency section */
		717FCD061F55D2ED00E10D79 /* PBXTargetDependency */ = {
			isa = PBXTargetDependency;
			target = 717FCCEF1F55D2EC00E10D79 /* NewNotifications */;
			targetProxy = 717FCD051F55D2ED00E10D79 /* PBXContainerItemProxy */;
		};
/* End PBXTargetDependency section */

/* Begin PBXVariantGroup section */
		717FCCF71F55D2EC00E10D79 /* Main.storyboard */ = {
			isa = PBXVariantGroup;
			children = (
				717FCCF81F55D2EC00E10D79 /* Base */,
			);
			name = Main.storyboard;
			sourceTree = "<group>";
		};
		717FCCFC1F55D2EC00E10D79 /* LaunchScreen.storyboard */ = {
			isa = PBXVariantGroup;
			children = (
				717FCCFD1F55D2EC00E10D79 /* Base */,
			);
			name = LaunchScreen.storyboard;
			sourceTree = "<group>";
		};
/* End PBXVariantGroup section */

/* Begin XCBuildConfiguration section */
		717FCD0B1F55D2ED00E10D79 /* Debug */ = {
			isa = XCBuildConfiguration;
			buildSettings = {
				ALWAYS_SEARCH_USER_PATHS = NO;
				CLANG_ANALYZER_NONNULL = YES;
				CLANG_CXX_LANGUAGE_STANDARD = "gnu++0x";
				CLANG_CXX_LIBRARY = "libc++";
				CLANG_ENABLE_MODULES = YES;
				CLANG_ENABLE_OBJC_ARC = YES;
				CLANG_WARN_BOOL_CONVERSION = YES;
				CLANG_WARN_CONSTANT_CONVERSION = YES;
				CLANG_WARN_DIRECT_OBJC_ISA_USAGE = YES_ERROR;
				CLANG_WARN_DOCUMENTATION_COMMENTS = YES;
				CLANG_WARN_EMPTY_BODY = YES;
				CLANG_WARN_ENUM_CONVERSION = YES;
				CLANG_WARN_INFINITE_RECURSION = YES;
				CLANG_WARN_INT_CONVERSION = YES;
				CLANG_WARN_OBJC_ROOT_CLASS = YES_ERROR;
				CLANG_WARN_SUSPICIOUS_MOVES = YES;
				CLANG_WARN_UNREACHABLE_CODE = YES;
				CLANG_WARN__DUPLICATE_METHOD_MATCH = YES;
				"CODE_SIGN_IDENTITY[sdk=iphoneos*]" = "iPhone Developer";
				COPY_PHASE_STRIP = NO;
				DEBUG_INFORMATION_FORMAT = dwarf;
				ENABLE_STRICT_OBJC_MSGSEND = YES;
				ENABLE_TESTABILITY = YES;
				GCC_C_LANGUAGE_STANDARD = gnu99;
				GCC_DYNAMIC_NO_PIC = NO;
				GCC_NO_COMMON_BLOCKS = YES;
				GCC_OPTIMIZATION_LEVEL = 0;
				GCC_PREPROCESSOR_DEFINITIONS = (
					"DEBUG=1",
					"$(inherited)",
				);
				GCC_WARN_64_TO_32_BIT_CONVERSION = YES;
				GCC_WARN_ABOUT_RETURN_TYPE = YES_ERROR;
				GCC_WARN_UNDECLARED_SELECTOR = YES;
				GCC_WARN_UNINITIALIZED_AUTOS = YES_AGGRESSIVE;
				GCC_WARN_UNUSED_FUNCTION = YES;
				GCC_WARN_UNUSED_VARIABLE = YES;
				IPHONEOS_DEPLOYMENT_TARGET = 10.0;
				MTL_ENABLE_DEBUG_INFO = YES;
				ONLY_ACTIVE_ARCH = YES;
				SDKROOT = iphoneos;
				SWIFT_ACTIVE_COMPILATION_CONDITIONS = DEBUG;
				SWIFT_OPTIMIZATION_LEVEL = "-Onone";
				TARGETED_DEVICE_FAMILY = "1,2";
			};
			name = Debug;
		};
		717FCD0C1F55D2ED00E10D79 /* Release */ = {
			isa = XCBuildConfiguration;
			buildSettings = {
				ALWAYS_SEARCH_USER_PATHS = NO;
				CLANG_ANALYZER_NONNULL = YES;
				CLANG_CXX_LANGUAGE_STANDARD = "gnu++0x";
				CLANG_CXX_LIBRARY = "libc++";
				CLANG_ENABLE_MODULES = YES;
				CLANG_ENABLE_OBJC_ARC = YES;
				CLANG_WARN_BOOL_CONVERSION = YES;
				CLANG_WARN_CONSTANT_CONVERSION = YES;
				CLANG_WARN_DIRECT_OBJC_ISA_USAGE = YES_ERROR;
				CLANG_WARN_DOCUMENTATION_COMMENTS = YES;
				CLANG_WARN_EMPTY_BODY = YES;
				CLANG_WARN_ENUM_CONVERSION = YES;
				CLANG_WARN_INFINITE_RECURSION = YES;
				CLANG_WARN_INT_CONVERSION = YES;
				CLANG_WARN_OBJC_ROOT_CLASS = YES_ERROR;
				CLANG_WARN_SUSPICIOUS_MOVES = YES;
				CLANG_WARN_UNREACHABLE_CODE = YES;
				CLANG_WARN__DUPLICATE_METHOD_MATCH = YES;
				"CODE_SIGN_IDENTITY[sdk=iphoneos*]" = "iPhone Developer";
				COPY_PHASE_STRIP = NO;
				DEBUG_INFORMATION_FORMAT = "dwarf-with-dsym";
				ENABLE_NS_ASSERTIONS = NO;
				ENABLE_STRICT_OBJC_MSGSEND = YES;
				GCC_C_LANGUAGE_STANDARD = gnu99;
				GCC_NO_COMMON_BLOCKS = YES;
				GCC_WARN_64_TO_32_BIT_CONVERSION = YES;
				GCC_WARN_ABOUT_RETURN_TYPE = YES_ERROR;
				GCC_WARN_UNDECLARED_SELECTOR = YES;
				GCC_WARN_UNINITIALIZED_AUTOS = YES_AGGRESSIVE;
				GCC_WARN_UNUSED_FUNCTION = YES;
				GCC_WARN_UNUSED_VARIABLE = YES;
				IPHONEOS_DEPLOYMENT_TARGET = 10.0;
				MTL_ENABLE_DEBUG_INFO = NO;
				SDKROOT = iphoneos;
				SWIFT_OPTIMIZATION_LEVEL = "-Owholemodule";
				TARGETED_DEVICE_FAMILY = "1,2";
				VALIDATE_PRODUCT = YES;
			};
			name = Release;
		};
		717FCD0E1F55D2ED00E10D79 /* Debug */ = {
			isa = XCBuildConfiguration;
			buildSettings = {
				ASSETCATALOG_COMPILER_APPICON_NAME = AppIcon;
				INFOPLIST_FILE = NewNotifications/Info.plist;
				LD_RUNPATH_SEARCH_PATHS = "$(inherited) @executable_path/Frameworks";
				PRODUCT_BUNDLE_IDENTIFIER = dmgudeman.NewNotifications;
				PRODUCT_NAME = "$(TARGET_NAME)";
				SWIFT_VERSION = 3.0;
			};
			name = Debug;
		};
		717FCD0F1F55D2ED00E10D79 /* Release */ = {
			isa = XCBuildConfiguration;
			buildSettings = {
				ASSETCATALOG_COMPILER_APPICON_NAME = AppIcon;
				INFOPLIST_FILE = NewNotifications/Info.plist;
				LD_RUNPATH_SEARCH_PATHS = "$(inherited) @executable_path/Frameworks";
				PRODUCT_BUNDLE_IDENTIFIER = dmgudeman.NewNotifications;
				PRODUCT_NAME = "$(TARGET_NAME)";
				SWIFT_VERSION = 3.0;
			};
			name = Release;
		};
		717FCD111F55D2ED00E10D79 /* Debug */ = {
			isa = XCBuildConfiguration;
			buildSettings = {
				ALWAYS_EMBED_SWIFT_STANDARD_LIBRARIES = YES;
				BUNDLE_LOADER = "$(TEST_HOST)";
				INFOPLIST_FILE = NewNotificationsTests/Info.plist;
				LD_RUNPATH_SEARCH_PATHS = "$(inherited) @executable_path/Frameworks @loader_path/Frameworks";
				PRODUCT_BUNDLE_IDENTIFIER = dmgudeman.NewNotificationsTests;
				PRODUCT_NAME = "$(TARGET_NAME)";
				SWIFT_VERSION = 3.0;
				TEST_HOST = "$(BUILT_PRODUCTS_DIR)/NewNotifications.app/NewNotifications";
			};
			name = Debug;
		};
		717FCD121F55D2ED00E10D79 /* Release */ = {
			isa = XCBuildConfiguration;
			buildSettings = {
				ALWAYS_EMBED_SWIFT_STANDARD_LIBRARIES = YES;
				BUNDLE_LOADER = "$(TEST_HOST)";
				INFOPLIST_FILE = NewNotificationsTests/Info.plist;
				LD_RUNPATH_SEARCH_PATHS = "$(inherited) @executable_path/Frameworks @loader_path/Frameworks";
				PRODUCT_BUNDLE_IDENTIFIER = dmgudeman.NewNotificationsTests;
				PRODUCT_NAME = "$(TARGET_NAME)";
				SWIFT_VERSION = 3.0;
				TEST_HOST = "$(BUILT_PRODUCTS_DIR)/NewNotifications.app/NewNotifications";
			};
			name = Release;
		};
/* End XCBuildConfiguration section */

/* Begin XCConfigurationList section */
		717FCCEB1F55D2EC00E10D79 /* Build configuration list for PBXProject "NewNotifications" */ = {
			isa = XCConfigurationList;
			buildConfigurations = (
				717FCD0B1F55D2ED00E10D79 /* Debug */,
				717FCD0C1F55D2ED00E10D79 /* Release */,
			);
			defaultConfigurationIsVisible = 0;
			defaultConfigurationName = Release;
		};
		717FCD0D1F55D2ED00E10D79 /* Build configuration list for PBXNativeTarget "NewNotifications" */ = {
			isa = XCConfigurationList;
			buildConfigurations = (
				717FCD0E1F55D2ED00E10D79 /* Debug */,
				717FCD0F1F55D2ED00E10D79 /* Release */,
			);
			defaultConfigurationIsVisible = 0;
		};
		717FCD101F55D2ED00E10D79 /* Build configuration list for PBXNativeTarget "NewNotificationsTests" */ = {
			isa = XCConfigurationList;
			buildConfigurations = (
				717FCD111F55D2ED00E10D79 /* Debug */,
				717FCD121F55D2ED00E10D79 /* Release */,
			);
			defaultConfigurationIsVisible = 0;
		};
/* End XCConfigurationList section */
	};
	rootObject = 717FCCE81F55D2EC00E10D79 /* Project object */;
}
